{
  "name": "typed-countries",
  "version": "1.1.1",
  "lockfileVersion": 1,
  "requires": true,
  "dependencies": {
    "country-query": {
      "version": "0.3.0",
      "resolved": "https://registry.npmjs.org/country-query/-/country-query-0.3.0.tgz",
      "integrity": "sha1-XiaPj5mdHBRj3VbrKd/1D4CfjVI=",
      "dev": true,
      "requires": {
        "lodash": "^3.5.0",
        "lodash-deep": "^1.6.0",
        "world-countries": "^1.7.8"
      }
    },
    "lodash": {
      "version": "3.10.1",
      "resolved": "https://registry.npmjs.org/lodash/-/lodash-3.10.1.tgz",
      "integrity": "sha1-W/Rejkm6QYnhfUgnid/RW9FAt7Y=",
      "dev": true
    },
    "lodash-deep": {
      "version": "1.6.0",
      "resolved": "https://registry.npmjs.org/lodash-deep/-/lodash-deep-1.6.0.tgz",
      "integrity": "sha1-p85nJ1lHK5HRKxk8adiiSgLYQo0=",
      "dev": true,
      "requires": {
        "lodash": ">=2.4.1"
      }
    },
    "typescript": {
      "version": "2.9.2",
      "resolved": "https://registry.npmjs.org/typescript/-/typescript-2.9.2.tgz",
      "integrity": "sha512-Gr4p6nFNaoufRIY4NMdpQRNmgxVIGMs4Fcu/ujdYk3nAZqk7supzBE9idmvfZIlH/Cuj//dvi+019qEue9lV0w==",
      "dev": true
    },
    "world-countries": {
      "version": "1.8.1",
      "resolved": "https://registry.npmjs.org/world-countries/-/world-countries-1.8.1.tgz",
      "integrity": "sha1-FLp9c11CLWPecN62417F5JNBsgk=",
      "dev": true
    }
  }
}
